
Microsoft Visual Studio Solution File, Format Version 12.00
# Visual Studio Version 17
VisualStudioVersion = 17.8.34316.72
MinimumVisualStudioVersion = 10.0.40219.1
Project("{FAE04EC0-301F-11D3-BF4B-00C04F79EFBC}") = "FlagsApi", "FlagsApi\FlagsApi.csproj", "{C48E6F69-7578-4D78-B696-C60CFCB1399E}"
EndProject
Global
	GlobalSection(SolutionConfigurationPlatforms) = preSolution
		Debug|Any CPU = Debug|Any CPU
		Release|Any CPU = Release|Any CPU
	EndGlobalSection
	GlobalSection(ProjectConfigurationPlatforms) = postSolution
		{C48E6F69-7578-4D78-B696-C60CFCB1399E}.Debug|Any CPU.ActiveCfg = Debug|Any CPU
		{C48E6F69-7578-4D78-B696-C60CFCB1399E}.Debug|Any CPU.Build.0 = Debug|Any CPU
		{C48E6F69-7578-4D78-B696-C60CFCB1399E}.Release|Any CPU.ActiveCfg = Release|Any CPU
		{C48E6F69-7578-4D78-B696-C60CFCB1399E}.Release|Any CPU.Build.0 = Release|Any CPU
	EndGlobalSection
	GlobalSection(SolutionProperties) = preSolution
		HideSolutionNode = FALSE
	EndGlobalSection
	GlobalSection(ExtensibilityGlobals) = postSolution
		SolutionGuid = {601AC4EB-6CB6-4F99-B92B-C28E8114EF96}
	EndGlobalSection
EndGlobal
